
Microsoft Visual Studio Solution File, Format Version 12.00
# Visual Studio Version 16
VisualStudioVersion = 16.0.30114.105
MinimumVisualStudioVersion = 10.0.40219.1
Project("{9A19103F-16F7-4668-BE54-9A1E7A4F7556}") = "Core", "Core\Core.csproj", "{C960B2C4-E5F7-433F-9E10-7A2C9DCE82EB}"
EndProject
Project("{2150E333-8FDC-42A3-9474-1A3956D46DE8}") = "Context", "Context", "{702E053E-BAC5-4F3F-BA40-FD31D6AD61FD}"
EndProject
Project("{9A19103F-16F7-4668-BE54-9A1E7A4F7556}") = "Persona", "Context\Persona\Persona.csproj", "{DB6CDE4A-42AA-482C-A6BA-FDEFDC6DA9E5}"
EndProject
Project("{9A19103F-16F7-4668-BE54-9A1E7A4F7556}") = "Photo", "Context\Photo\Photo.csproj", "{E327D19C-E8CE-4801-9311-D937FFE56967}"
EndProject
Project("{2150E333-8FDC-42A3-9474-1A3956D46DE8}") = "Web", "Web", "{C81188A2-B7CD-48F6-BA03-FA3057F60FBB}"
EndProject
Project("{9A19103F-16F7-4668-BE54-9A1E7A4F7556}") = "ApiPersona", "Web\ApiPersona\ApiPersona.csproj", "{E472FFAD-9833-4179-98F9-A6BA933B4D6F}"
EndProject
Project("{9A19103F-16F7-4668-BE54-9A1E7A4F7556}") = "ApiPhoto", "Web\ApiPhoto\ApiPhoto.csproj", "{F9F65A90-AC1C-4A17-906F-5B55AE25C09F}"
EndProject
Project("{FAE04EC0-301F-11D3-BF4B-00C04F79EFBC}") = "IdentityServer", "Web\IdentityServer\IdentityServer.csproj", "{34827BBC-9A15-48E8-BFDF-194E3A715C56}"
EndProject
Project("{FAE04EC0-301F-11D3-BF4B-00C04F79EFBC}") = "Security", "Context\Security\Security.csproj", "{A30608EF-B320-4114-889F-5EDA1D59BDAB}"
EndProject
Global
	GlobalSection(SolutionConfigurationPlatforms) = preSolution
		Debug|Any CPU = Debug|Any CPU
		Debug|x64 = Debug|x64
		Debug|x86 = Debug|x86
		Release|Any CPU = Release|Any CPU
		Release|x64 = Release|x64
		Release|x86 = Release|x86
	EndGlobalSection
	GlobalSection(ProjectConfigurationPlatforms) = postSolution
		{C960B2C4-E5F7-433F-9E10-7A2C9DCE82EB}.Debug|Any CPU.ActiveCfg = Debug|Any CPU
		{C960B2C4-E5F7-433F-9E10-7A2C9DCE82EB}.Debug|Any CPU.Build.0 = Debug|Any CPU
		{C960B2C4-E5F7-433F-9E10-7A2C9DCE82EB}.Debug|x64.ActiveCfg = Debug|Any CPU
		{C960B2C4-E5F7-433F-9E10-7A2C9DCE82EB}.Debug|x64.Build.0 = Debug|Any CPU
		{C960B2C4-E5F7-433F-9E10-7A2C9DCE82EB}.Debug|x86.ActiveCfg = Debug|Any CPU
		{C960B2C4-E5F7-433F-9E10-7A2C9DCE82EB}.Debug|x86.Build.0 = Debug|Any CPU
		{C960B2C4-E5F7-433F-9E10-7A2C9DCE82EB}.Release|Any CPU.ActiveCfg = Release|Any CPU
		{C960B2C4-E5F7-433F-9E10-7A2C9DCE82EB}.Release|Any CPU.Build.0 = Release|Any CPU
		{C960B2C4-E5F7-433F-9E10-7A2C9DCE82EB}.Release|x64.ActiveCfg = Release|Any CPU
		{C960B2C4-E5F7-433F-9E10-7A2C9DCE82EB}.Release|x64.Build.0 = Release|Any CPU
		{C960B2C4-E5F7-433F-9E10-7A2C9DCE82EB}.Release|x86.ActiveCfg = Release|Any CPU
		{C960B2C4-E5F7-433F-9E10-7A2C9DCE82EB}.Release|x86.Build.0 = Release|Any CPU
		{DB6CDE4A-42AA-482C-A6BA-FDEFDC6DA9E5}.Debug|Any CPU.ActiveCfg = Debug|Any CPU
		{DB6CDE4A-42AA-482C-A6BA-FDEFDC6DA9E5}.Debug|Any CPU.Build.0 = Debug|Any CPU
		{DB6CDE4A-42AA-482C-A6BA-FDEFDC6DA9E5}.Debug|x64.ActiveCfg = Debug|Any CPU
		{DB6CDE4A-42AA-482C-A6BA-FDEFDC6DA9E5}.Debug|x64.Build.0 = Debug|Any CPU
		{DB6CDE4A-42AA-482C-A6BA-FDEFDC6DA9E5}.Debug|x86.ActiveCfg = Debug|Any CPU
		{DB6CDE4A-42AA-482C-A6BA-FDEFDC6DA9E5}.Debug|x86.Build.0 = Debug|Any CPU
		{DB6CDE4A-42AA-482C-A6BA-FDEFDC6DA9E5}.Release|Any CPU.ActiveCfg = Release|Any CPU
		{DB6CDE4A-42AA-482C-A6BA-FDEFDC6DA9E5}.Release|Any CPU.Build.0 = Release|Any CPU
		{DB6CDE4A-42AA-482C-A6BA-FDEFDC6DA9E5}.Release|x64.ActiveCfg = Release|Any CPU
		{DB6CDE4A-42AA-482C-A6BA-FDEFDC6DA9E5}.Release|x64.Build.0 = Release|Any CPU
		{DB6CDE4A-42AA-482C-A6BA-FDEFDC6DA9E5}.Release|x86.ActiveCfg = Release|Any CPU
		{DB6CDE4A-42AA-482C-A6BA-FDEFDC6DA9E5}.Release|x86.Build.0 = Release|Any CPU
		{E327D19C-E8CE-4801-9311-D937FFE56967}.Debug|Any CPU.ActiveCfg = Debug|Any CPU
		{E327D19C-E8CE-4801-9311-D937FFE56967}.Debug|Any CPU.Build.0 = Debug|Any CPU
		{E327D19C-E8CE-4801-9311-D937FFE56967}.Debug|x64.ActiveCfg = Debug|Any CPU
		{E327D19C-E8CE-4801-9311-D937FFE56967}.Debug|x64.Build.0 = Debug|Any CPU
		{E327D19C-E8CE-4801-9311-D937FFE56967}.Debug|x86.ActiveCfg = Debug|Any CPU
		{E327D19C-E8CE-4801-9311-D937FFE56967}.Debug|x86.Build.0 = Debug|Any CPU
		{E327D19C-E8CE-4801-9311-D937FFE56967}.Release|Any CPU.ActiveCfg = Release|Any CPU
		{E327D19C-E8CE-4801-9311-D937FFE56967}.Release|Any CPU.Build.0 = Release|Any CPU
		{E327D19C-E8CE-4801-9311-D937FFE56967}.Release|x64.ActiveCfg = Release|Any CPU
		{E327D19C-E8CE-4801-9311-D937FFE56967}.Release|x64.Build.0 = Release|Any CPU
		{E327D19C-E8CE-4801-9311-D937FFE56967}.Release|x86.ActiveCfg = Release|Any CPU
		{E327D19C-E8CE-4801-9311-D937FFE56967}.Release|x86.Build.0 = Release|Any CPU
		{E472FFAD-9833-4179-98F9-A6BA933B4D6F}.Debug|Any CPU.ActiveCfg = Debug|Any CPU
		{E472FFAD-9833-4179-98F9-A6BA933B4D6F}.Debug|Any CPU.Build.0 = Debug|Any CPU
		{E472FFAD-9833-4179-98F9-A6BA933B4D6F}.Debug|x64.ActiveCfg = Debug|Any CPU
		{E472FFAD-9833-4179-98F9-A6BA933B4D6F}.Debug|x64.Build.0 = Debug|Any CPU
		{E472FFAD-9833-4179-98F9-A6BA933B4D6F}.Debug|x86.ActiveCfg = Debug|Any CPU
		{E472FFAD-9833-4179-98F9-A6BA933B4D6F}.Debug|x86.Build.0 = Debug|Any CPU
		{E472FFAD-9833-4179-98F9-A6BA933B4D6F}.Release|Any CPU.ActiveCfg = Release|Any CPU
		{E472FFAD-9833-4179-98F9-A6BA933B4D6F}.Release|Any CPU.Build.0 = Release|Any CPU
		{E472FFAD-9833-4179-98F9-A6BA933B4D6F}.Release|x64.ActiveCfg = Release|Any CPU
		{E472FFAD-9833-4179-98F9-A6BA933B4D6F}.Release|x64.Build.0 = Release|Any CPU
		{E472FFAD-9833-4179-98F9-A6BA933B4D6F}.Release|x86.ActiveCfg = Release|Any CPU
		{E472FFAD-9833-4179-98F9-A6BA933B4D6F}.Release|x86.Build.0 = Release|Any CPU
		{F9F65A90-AC1C-4A17-906F-5B55AE25C09F}.Debug|Any CPU.ActiveCfg = Debug|Any CPU
		{F9F65A90-AC1C-4A17-906F-5B55AE25C09F}.Debug|Any CPU.Build.0 = Debug|Any CPU
		{F9F65A90-AC1C-4A17-906F-5B55AE25C09F}.Debug|x64.ActiveCfg = Debug|Any CPU
		{F9F65A90-AC1C-4A17-906F-5B55AE25C09F}.Debug|x64.Build.0 = Debug|Any CPU
		{F9F65A90-AC1C-4A17-906F-5B55AE25C09F}.Debug|x86.ActiveCfg = Debug|Any CPU
		{F9F65A90-AC1C-4A17-906F-5B55AE25C09F}.Debug|x86.Build.0 = Debug|Any CPU
		{F9F65A90-AC1C-4A17-906F-5B55AE25C09F}.Release|Any CPU.ActiveCfg = Release|Any CPU
		{F9F65A90-AC1C-4A17-906F-5B55AE25C09F}.Release|Any CPU.Build.0 = Release|Any CPU
		{F9F65A90-AC1C-4A17-906F-5B55AE25C09F}.Release|x64.ActiveCfg = Release|Any CPU
		{F9F65A90-AC1C-4A17-906F-5B55AE25C09F}.Release|x64.Build.0 = Release|Any CPU
		{F9F65A90-AC1C-4A17-906F-5B55AE25C09F}.Release|x86.ActiveCfg = Release|Any CPU
		{F9F65A90-AC1C-4A17-906F-5B55AE25C09F}.Release|x86.Build.0 = Release|Any CPU
		{34827BBC-9A15-48E8-BFDF-194E3A715C56}.Debug|Any CPU.ActiveCfg = Debug|Any CPU
		{34827BBC-9A15-48E8-BFDF-194E3A715C56}.Debug|Any CPU.Build.0 = Debug|Any CPU
		{34827BBC-9A15-48E8-BFDF-194E3A715C56}.Debug|x64.ActiveCfg = Debug|Any CPU
		{34827BBC-9A15-48E8-BFDF-194E3A715C56}.Debug|x64.Build.0 = Debug|Any CPU
		{34827BBC-9A15-48E8-BFDF-194E3A715C56}.Debug|x86.ActiveCfg = Debug|Any CPU
		{34827BBC-9A15-48E8-BFDF-194E3A715C56}.Debug|x86.Build.0 = Debug|Any CPU
		{34827BBC-9A15-48E8-BFDF-194E3A715C56}.Release|Any CPU.ActiveCfg = Release|Any CPU
		{34827BBC-9A15-48E8-BFDF-194E3A715C56}.Release|Any CPU.Build.0 = Release|Any CPU
		{34827BBC-9A15-48E8-BFDF-194E3A715C56}.Release|x64.ActiveCfg = Release|Any CPU
		{34827BBC-9A15-48E8-BFDF-194E3A715C56}.Release|x64.Build.0 = Release|Any CPU
		{34827BBC-9A15-48E8-BFDF-194E3A715C56}.Release|x86.ActiveCfg = Release|Any CPU
		{34827BBC-9A15-48E8-BFDF-194E3A715C56}.Release|x86.Build.0 = Release|Any CPU
		{A30608EF-B320-4114-889F-5EDA1D59BDAB}.Debug|Any CPU.ActiveCfg = Debug|Any CPU
		{A30608EF-B320-4114-889F-5EDA1D59BDAB}.Debug|Any CPU.Build.0 = Debug|Any CPU
		{A30608EF-B320-4114-889F-5EDA1D59BDAB}.Debug|x64.ActiveCfg = Debug|Any CPU
		{A30608EF-B320-4114-889F-5EDA1D59BDAB}.Debug|x64.Build.0 = Debug|Any CPU
		{A30608EF-B320-4114-889F-5EDA1D59BDAB}.Debug|x86.ActiveCfg = Debug|Any CPU
		{A30608EF-B320-4114-889F-5EDA1D59BDAB}.Debug|x86.Build.0 = Debug|Any CPU
		{A30608EF-B320-4114-889F-5EDA1D59BDAB}.Release|Any CPU.ActiveCfg = Release|Any CPU
		{A30608EF-B320-4114-889F-5EDA1D59BDAB}.Release|Any CPU.Build.0 = Release|Any CPU
		{A30608EF-B320-4114-889F-5EDA1D59BDAB}.Release|x64.ActiveCfg = Release|Any CPU
		{A30608EF-B320-4114-889F-5EDA1D59BDAB}.Release|x64.Build.0 = Release|Any CPU
		{A30608EF-B320-4114-889F-5EDA1D59BDAB}.Release|x86.ActiveCfg = Release|Any CPU
		{A30608EF-B320-4114-889F-5EDA1D59BDAB}.Release|x86.Build.0 = Release|Any CPU
	EndGlobalSection
	GlobalSection(SolutionProperties) = preSolution
		HideSolutionNode = FALSE
	EndGlobalSection
	GlobalSection(NestedProjects) = preSolution
		{DB6CDE4A-42AA-482C-A6BA-FDEFDC6DA9E5} = {702E053E-BAC5-4F3F-BA40-FD31D6AD61FD}
		{E327D19C-E8CE-4801-9311-D937FFE56967} = {702E053E-BAC5-4F3F-BA40-FD31D6AD61FD}
		{E472FFAD-9833-4179-98F9-A6BA933B4D6F} = {C81188A2-B7CD-48F6-BA03-FA3057F60FBB}
		{F9F65A90-AC1C-4A17-906F-5B55AE25C09F} = {C81188A2-B7CD-48F6-BA03-FA3057F60FBB}
		{34827BBC-9A15-48E8-BFDF-194E3A715C56} = {C81188A2-B7CD-48F6-BA03-FA3057F60FBB}
		{A30608EF-B320-4114-889F-5EDA1D59BDAB} = {702E053E-BAC5-4F3F-BA40-FD31D6AD61FD}
	EndGlobalSection
	GlobalSection(ExtensibilityGlobals) = postSolution
		SolutionGuid = {DB0A81DE-D63C-47A1-89E1-7A4A478E6E58}
	EndGlobalSection
EndGlobal
